
Microsoft Visual Studio Solution File, Format Version 12.00
# Visual Studio Version 17
VisualStudioVersion = 17.5.002.0
MinimumVisualStudioVersion = 10.0.40219.1
Project("{9A19103F-16F7-4668-BE54-9A1E7A4F7556}") = "finalwork", "finalwork.csproj", "{69BA33EE-9479-4565-9100-C696E637E345}"
EndProject
Global
	GlobalSection(SolutionConfigurationPlatforms) = preSolution
		Debug|Any CPU = Debug|Any CPU
		Release|Any CPU = Release|Any CPU
	EndGlobalSection
	GlobalSection(ProjectConfigurationPlatforms) = postSolution
		{69BA33EE-9479-4565-9100-C696E637E345}.Debug|Any CPU.ActiveCfg = Debug|Any CPU
		{69BA33EE-9479-4565-9100-C696E637E345}.Debug|Any CPU.Build.0 = Debug|Any CPU
		{69BA33EE-9479-4565-9100-C696E637E345}.Release|Any CPU.ActiveCfg = Release|Any CPU
		{69BA33EE-9479-4565-9100-C696E637E345}.Release|Any CPU.Build.0 = Release|Any CPU
	EndGlobalSection
	GlobalSection(SolutionProperties) = preSolution
		HideSolutionNode = FALSE
	EndGlobalSection
	GlobalSection(ExtensibilityGlobals) = postSolution
		SolutionGuid = {9996F954-2E89-4B28-A1A5-2F67388E2FC3}
	EndGlobalSection
EndGlobal
